
Microsoft Visual Studio Solution File, Format Version 12.00
# Visual Studio Version 17
VisualStudioVersion = 17.3.32929.385
MinimumVisualStudioVersion = 10.0.40219.1
Project("{9A19103F-16F7-4668-BE54-9A1E7A4F7556}") = "SenaiUC17", "SenaiUC17\SenaiUC17.csproj", "{5FEE6E0A-083C-42D2-9058-DAFF8DED7AF0}"
EndProject
Project("{FAE04EC0-301F-11D3-BF4B-00C04F79EFBC}") = "TesteIntegracao", "TesteIntegracao\TesteIntegracao.csproj", "{B393ECD5-6052-43B2-A71C-94C76B580013}"
EndProject
Global
	GlobalSection(SolutionConfigurationPlatforms) = preSolution
		Debug|Any CPU = Debug|Any CPU
		Release|Any CPU = Release|Any CPU
	EndGlobalSection
	GlobalSection(ProjectConfigurationPlatforms) = postSolution
		{5FEE6E0A-083C-42D2-9058-DAFF8DED7AF0}.Debug|Any CPU.ActiveCfg = Debug|Any CPU
		{5FEE6E0A-083C-42D2-9058-DAFF8DED7AF0}.Debug|Any CPU.Build.0 = Debug|Any CPU
		{5FEE6E0A-083C-42D2-9058-DAFF8DED7AF0}.Release|Any CPU.ActiveCfg = Release|Any CPU
		{5FEE6E0A-083C-42D2-9058-DAFF8DED7AF0}.Release|Any CPU.Build.0 = Release|Any CPU
		{B393ECD5-6052-43B2-A71C-94C76B580013}.Debug|Any CPU.ActiveCfg = Debug|Any CPU
		{B393ECD5-6052-43B2-A71C-94C76B580013}.Debug|Any CPU.Build.0 = Debug|Any CPU
		{B393ECD5-6052-43B2-A71C-94C76B580013}.Release|Any CPU.ActiveCfg = Release|Any CPU
		{B393ECD5-6052-43B2-A71C-94C76B580013}.Release|Any CPU.Build.0 = Release|Any CPU
	EndGlobalSection
	GlobalSection(SolutionProperties) = preSolution
		HideSolutionNode = FALSE
	EndGlobalSection
	GlobalSection(ExtensibilityGlobals) = postSolution
		SolutionGuid = {59C1CB02-BC2F-43C3-BDDD-D1DD62B92DBC}
	EndGlobalSection
EndGlobal
